
Microsoft Visual Studio Solution File, Format Version 12.00
# Visual Studio Version 16
VisualStudioVersion = 16.0.28922.388
MinimumVisualStudioVersion = 10.0.40219.1
Project("{FAE04EC0-301F-11D3-BF4B-00C04F79EFBC}") = "Kipon.Excel", "Kipon.Excel\Kipon.Excel.csproj", "{A072A966-284B-4196-A9CF-62033DAA0CD7}"
EndProject
Project("{FAE04EC0-301F-11D3-BF4B-00C04F79EFBC}") = "Kipon.Excel.UnitTests", "Kipon.Excel.UnitTests\Kipon.Excel.UnitTests.csproj", "{FBB4697D-5A2D-4B26-AE12-D2C5B4A4D581}"
EndProject
Project("{2150E333-8FDC-42A3-9474-1A3956D46DE8}") = "Solution items", "Solution items", "{311CD814-D8FC-425C-B62A-BFB8C05D087E}"
	ProjectSection(SolutionItems) = preProject
		README.MD = README.MD
	EndProjectSection
EndProject
Project("{FAE04EC0-301F-11D3-BF4B-00C04F79EFBC}") = "Kipon.Excel.Cmd", "Kipon.Excel.Cmd\Kipon.Excel.Cmd.csproj", "{1CE57D2E-F7C1-48FF-8A88-259A4FB95789}"
EndProject
Global
	GlobalSection(SolutionConfigurationPlatforms) = preSolution
		Debug|Any CPU = Debug|Any CPU
		Release|Any CPU = Release|Any CPU
	EndGlobalSection
	GlobalSection(ProjectConfigurationPlatforms) = postSolution
		{A072A966-284B-4196-A9CF-62033DAA0CD7}.Debug|Any CPU.ActiveCfg = Debug|Any CPU
		{A072A966-284B-4196-A9CF-62033DAA0CD7}.Debug|Any CPU.Build.0 = Debug|Any CPU
		{A072A966-284B-4196-A9CF-62033DAA0CD7}.Release|Any CPU.ActiveCfg = Release|Any CPU
		{A072A966-284B-4196-A9CF-62033DAA0CD7}.Release|Any CPU.Build.0 = Release|Any CPU
		{FBB4697D-5A2D-4B26-AE12-D2C5B4A4D581}.Debug|Any CPU.ActiveCfg = Debug|Any CPU
		{FBB4697D-5A2D-4B26-AE12-D2C5B4A4D581}.Debug|Any CPU.Build.0 = Debug|Any CPU
		{FBB4697D-5A2D-4B26-AE12-D2C5B4A4D581}.Release|Any CPU.ActiveCfg = Release|Any CPU
		{FBB4697D-5A2D-4B26-AE12-D2C5B4A4D581}.Release|Any CPU.Build.0 = Release|Any CPU
		{1CE57D2E-F7C1-48FF-8A88-259A4FB95789}.Debug|Any CPU.ActiveCfg = Debug|Any CPU
		{1CE57D2E-F7C1-48FF-8A88-259A4FB95789}.Debug|Any CPU.Build.0 = Debug|Any CPU
		{1CE57D2E-F7C1-48FF-8A88-259A4FB95789}.Release|Any CPU.ActiveCfg = Release|Any CPU
		{1CE57D2E-F7C1-48FF-8A88-259A4FB95789}.Release|Any CPU.Build.0 = Release|Any CPU
	EndGlobalSection
	GlobalSection(SolutionProperties) = preSolution
		HideSolutionNode = FALSE
	EndGlobalSection
	GlobalSection(ExtensibilityGlobals) = postSolution
		SolutionGuid = {58412C56-0CF4-4370-BB12-FA4B4AD50CCB}
	EndGlobalSection
EndGlobal
