
Microsoft Visual Studio Solution File, Format Version 12.00
# Visual Studio Version 16
VisualStudioVersion = 16.0.28922.388
MinimumVisualStudioVersion = 10.0.40219.1
Project("{2150E333-8FDC-42A3-9474-1A3956D46DE8}") = "Solution items", "Solution items", "{311CD814-D8FC-425C-B62A-BFB8C05D087E}"
	ProjectSection(SolutionItems) = preProject
		LICENSE.MD = LICENSE.MD
		README.MD = README.MD
	EndProjectSection
EndProject
Project("{FAE04EC0-301F-11D3-BF4B-00C04F79EFBC}") = "Kipon.Excel", "Kipon.Excel\Kipon.Excel.csproj", "{A8CC1A21-A7C1-4A67-84F4-149D391986AD}"
EndProject
Project("{FAE04EC0-301F-11D3-BF4B-00C04F79EFBC}") = "Kipon.Excel.UnitTests", "Kipon.Excel.UnitTests\Kipon.Excel.UnitTests.csproj", "{C2F338C3-8A8D-4CB1-86D7-472DCF3A672F}"
EndProject
Global
	GlobalSection(SolutionConfigurationPlatforms) = preSolution
		Debug|Any CPU = Debug|Any CPU
		Release|Any CPU = Release|Any CPU
	EndGlobalSection
	GlobalSection(ProjectConfigurationPlatforms) = postSolution
		{A8CC1A21-A7C1-4A67-84F4-149D391986AD}.Debug|Any CPU.ActiveCfg = Debug|Any CPU
		{A8CC1A21-A7C1-4A67-84F4-149D391986AD}.Debug|Any CPU.Build.0 = Debug|Any CPU
		{A8CC1A21-A7C1-4A67-84F4-149D391986AD}.Release|Any CPU.ActiveCfg = Release|Any CPU
		{A8CC1A21-A7C1-4A67-84F4-149D391986AD}.Release|Any CPU.Build.0 = Release|Any CPU
		{C2F338C3-8A8D-4CB1-86D7-472DCF3A672F}.Debug|Any CPU.ActiveCfg = Debug|Any CPU
		{C2F338C3-8A8D-4CB1-86D7-472DCF3A672F}.Debug|Any CPU.Build.0 = Debug|Any CPU
		{C2F338C3-8A8D-4CB1-86D7-472DCF3A672F}.Release|Any CPU.ActiveCfg = Release|Any CPU
		{C2F338C3-8A8D-4CB1-86D7-472DCF3A672F}.Release|Any CPU.Build.0 = Release|Any CPU
	EndGlobalSection
	GlobalSection(SolutionProperties) = preSolution
		HideSolutionNode = FALSE
	EndGlobalSection
	GlobalSection(ExtensibilityGlobals) = postSolution
		SolutionGuid = {58412C56-0CF4-4370-BB12-FA4B4AD50CCB}
	EndGlobalSection
EndGlobal
